PODS:
  - KRActivityIndicatorView (3.0.4)
  - PaginationUIManager (0.2):
    - SSPullToRefresh (~> 1.3)
  - SSPullToRefresh (1.3.0)

DEPENDENCIES:
  - KRActivityIndicatorView (~> 3.0.1)
  - PaginationUIManager (from `../`)

SPEC REPOS:
  https://github.com/CocoaPods/Specs.git:
    - KRActivityIndicatorView
    - SSPullToRefresh

EXTERNAL SOURCES:
  PaginationUIManager:
    :path: "../"

SPEC CHECKSUMS:
  KRActivityIndicatorView: 549db10b9578d58bac73db063d8b544e8970f7f2
  PaginationUIManager: 11577e4e4ea01fe63dd1a5685241dde358c63545
  SSPullToRefresh: 3a47e116692b60e7da5a8c60418488133bcc9550

PODFILE CHECKSUM: 211f7ed78d4ff1882b175915a4dec0b184e3b3f5

COCOAPODS: 1.8.4
