PODS:
  - PaginationUIManager (0.1.0):
    - SSPullToRefresh (~> 1.3)
  - SSPullToRefresh (1.3.0)

DEPENDENCIES:
  - PaginationUIManager (from `../`)

EXTERNAL SOURCES:
  PaginationUIManager:
    :path: ../

SPEC CHECKSUMS:
  PaginationUIManager: 0988e4b171dbfe74fc63c0abf50d0096b4b9d053
  SSPullToRefresh: 3a47e116692b60e7da5a8c60418488133bcc9550

PODFILE CHECKSUM: 05f383b8c40d929119aa1b5eb0491d723b82b840

COCOAPODS: 1.3.1
